
Microsoft Visual Studio Solution File, Format Version 12.00
# Visual Studio Version 16
VisualStudioVersion = 16.0.29418.71
MinimumVisualStudioVersion = 10.0.40219.1
Project("{FAE04EC0-301F-11D3-BF4B-00C04F79EFBC}") = "Game of 2048 Main Program", "Game of 2048 Main Program\Game of 2048 Main Program.csproj", "{023CE8E5-FE77-4749-8B06-52F7D83AB778}"
EndProject
Global
	GlobalSection(SolutionConfigurationPlatforms) = preSolution
		Debug|Any CPU = Debug|Any CPU
		Release|Any CPU = Release|Any CPU
	EndGlobalSection
	GlobalSection(ProjectConfigurationPlatforms) = postSolution
		{023CE8E5-FE77-4749-8B06-52F7D83AB778}.Debug|Any CPU.ActiveCfg = Debug|Any CPU
		{023CE8E5-FE77-4749-8B06-52F7D83AB778}.Debug|Any CPU.Build.0 = Debug|Any CPU
		{023CE8E5-FE77-4749-8B06-52F7D83AB778}.Release|Any CPU.ActiveCfg = Release|Any CPU
		{023CE8E5-FE77-4749-8B06-52F7D83AB778}.Release|Any CPU.Build.0 = Release|Any CPU
	EndGlobalSection
	GlobalSection(SolutionProperties) = preSolution
		HideSolutionNode = FALSE
	EndGlobalSection
	GlobalSection(ExtensibilityGlobals) = postSolution
		SolutionGuid = {528C191B-8096-440A-AB4F-49C31AE0DD22}
	EndGlobalSection
EndGlobal
